
Microsoft Visual Studio Solution File, Format Version 12.00
# Visual Studio Version 17
VisualStudioVersion = 17.11.35312.102
MinimumVisualStudioVersion = 10.0.40219.1
Project("{FAE04EC0-301F-11D3-BF4B-00C04F79EFBC}") = "Set2-9", "Set2-9\Set2-9.csproj", "{B58553E0-5CD6-43E1-A88F-1E87FA1C6EBA}"
EndProject
Global
	GlobalSection(SolutionConfigurationPlatforms) = preSolution
		Debug|Any CPU = Debug|Any CPU
		Release|Any CPU = Release|Any CPU
	EndGlobalSection
	GlobalSection(ProjectConfigurationPlatforms) = postSolution
		{B58553E0-5CD6-43E1-A88F-1E87FA1C6EBA}.Debug|Any CPU.ActiveCfg = Debug|Any CPU
		{B58553E0-5CD6-43E1-A88F-1E87FA1C6EBA}.Debug|Any CPU.Build.0 = Debug|Any CPU
		{B58553E0-5CD6-43E1-A88F-1E87FA1C6EBA}.Release|Any CPU.ActiveCfg = Release|Any CPU
		{B58553E0-5CD6-43E1-A88F-1E87FA1C6EBA}.Release|Any CPU.Build.0 = Release|Any CPU
	EndGlobalSection
	GlobalSection(SolutionProperties) = preSolution
		HideSolutionNode = FALSE
	EndGlobalSection
	GlobalSection(ExtensibilityGlobals) = postSolution
		SolutionGuid = {BE5DD33A-FBF2-409A-9C4D-E2D0326F5F54}
	EndGlobalSection
EndGlobal
