
Microsoft Visual Studio Solution File, Format Version 12.00
# Visual Studio Version 17
VisualStudioVersion = 17.11.35312.102
MinimumVisualStudioVersion = 10.0.40219.1
Project("{FAE04EC0-301F-11D3-BF4B-00C04F79EFBC}") = "Set2-3", "Set2-3\Set2-3.csproj", "{BD188A70-9CCE-45B9-B4C4-9CE4A5147999}"
EndProject
Global
	GlobalSection(SolutionConfigurationPlatforms) = preSolution
		Debug|Any CPU = Debug|Any CPU
		Release|Any CPU = Release|Any CPU
	EndGlobalSection
	GlobalSection(ProjectConfigurationPlatforms) = postSolution
		{BD188A70-9CCE-45B9-B4C4-9CE4A5147999}.Debug|Any CPU.ActiveCfg = Debug|Any CPU
		{BD188A70-9CCE-45B9-B4C4-9CE4A5147999}.Debug|Any CPU.Build.0 = Debug|Any CPU
		{BD188A70-9CCE-45B9-B4C4-9CE4A5147999}.Release|Any CPU.ActiveCfg = Release|Any CPU
		{BD188A70-9CCE-45B9-B4C4-9CE4A5147999}.Release|Any CPU.Build.0 = Release|Any CPU
	EndGlobalSection
	GlobalSection(SolutionProperties) = preSolution
		HideSolutionNode = FALSE
	EndGlobalSection
	GlobalSection(ExtensibilityGlobals) = postSolution
		SolutionGuid = {638935DC-8915-432D-BCE0-123035BFF4C8}
	EndGlobalSection
EndGlobal
