
Microsoft Visual Studio Solution File, Format Version 12.00
# Visual Studio Version 17
VisualStudioVersion = 17.11.35312.102
MinimumVisualStudioVersion = 10.0.40219.1
Project("{FAE04EC0-301F-11D3-BF4B-00C04F79EFBC}") = "Set2-10.2", "Set2-10.2\Set2-10.2.csproj", "{0F278102-99C6-405D-91BE-04971B0C2F0B}"
EndProject
Global
	GlobalSection(SolutionConfigurationPlatforms) = preSolution
		Debug|Any CPU = Debug|Any CPU
		Release|Any CPU = Release|Any CPU
	EndGlobalSection
	GlobalSection(ProjectConfigurationPlatforms) = postSolution
		{0F278102-99C6-405D-91BE-04971B0C2F0B}.Debug|Any CPU.ActiveCfg = Debug|Any CPU
		{0F278102-99C6-405D-91BE-04971B0C2F0B}.Debug|Any CPU.Build.0 = Debug|Any CPU
		{0F278102-99C6-405D-91BE-04971B0C2F0B}.Release|Any CPU.ActiveCfg = Release|Any CPU
		{0F278102-99C6-405D-91BE-04971B0C2F0B}.Release|Any CPU.Build.0 = Release|Any CPU
	EndGlobalSection
	GlobalSection(SolutionProperties) = preSolution
		HideSolutionNode = FALSE
	EndGlobalSection
	GlobalSection(ExtensibilityGlobals) = postSolution
		SolutionGuid = {82E2633C-8423-4C5F-806F-F87C5686F172}
	EndGlobalSection
EndGlobal
